
Microsoft Visual Studio Solution File, Format Version 12.00
# Visual Studio 2013
VisualStudioVersion = 12.0.21005.1
MinimumVisualStudioVersion = 10.0.40219.1
Project("{FAE04EC0-301F-11D3-BF4B-00C04F79EFBC}") = "yproject", "yproject\yproject.csproj", "{321120F8-77A8-4551-89A0-84F5E35A293F}"
EndProject
Project("{FAE04EC0-301F-11D3-BF4B-00C04F79EFBC}") = "yproject.Tests", "yproject.Tests\yproject.Tests.csproj", "{12ABDDFA-D6FC-4AA1-9587-E095822EF85C}"
EndProject
Global
	GlobalSection(SolutionConfigurationPlatforms) = preSolution
		Debug|Any CPU = Debug|Any CPU
		Release|Any CPU = Release|Any CPU
	EndGlobalSection
	GlobalSection(ProjectConfigurationPlatforms) = postSolution
		{321120F8-77A8-4551-89A0-84F5E35A293F}.Debug|Any CPU.ActiveCfg = Debug|Any CPU
		{321120F8-77A8-4551-89A0-84F5E35A293F}.Debug|Any CPU.Build.0 = Debug|Any CPU
		{321120F8-77A8-4551-89A0-84F5E35A293F}.Release|Any CPU.ActiveCfg = Release|Any CPU
		{321120F8-77A8-4551-89A0-84F5E35A293F}.Release|Any CPU.Build.0 = Release|Any CPU
		{12ABDDFA-D6FC-4AA1-9587-E095822EF85C}.Debug|Any CPU.ActiveCfg = Debug|Any CPU
		{12ABDDFA-D6FC-4AA1-9587-E095822EF85C}.Debug|Any CPU.Build.0 = Debug|Any CPU
		{12ABDDFA-D6FC-4AA1-9587-E095822EF85C}.Release|Any CPU.ActiveCfg = Release|Any CPU
		{12ABDDFA-D6FC-4AA1-9587-E095822EF85C}.Release|Any CPU.Build.0 = Release|Any CPU
	EndGlobalSection
	GlobalSection(SolutionProperties) = preSolution
		HideSolutionNode = FALSE
	EndGlobalSection
EndGlobal
